
Microsoft Visual Studio Solution File, Format Version 12.00
# Visual Studio Version 16
VisualStudioVersion = 16.0.31911.196
MinimumVisualStudioVersion = 10.0.40219.1
Project("{FAE04EC0-301F-11D3-BF4B-00C04F79EFBC}") = "ThirdPartyLibraries", "ThirdPartyLibraries.csproj", "{19E2D918-6FC1-44D9-B460-E6758EA37BD7}"
EndProject
Global
	GlobalSection(SolutionConfigurationPlatforms) = preSolution
		Debug|Any CPU = Debug|Any CPU
		Release|Any CPU = Release|Any CPU
	EndGlobalSection
	GlobalSection(ProjectConfigurationPlatforms) = postSolution
		{19E2D918-6FC1-44D9-B460-E6758EA37BD7}.Debug|Any CPU.ActiveCfg = Debug|Any CPU
		{19E2D918-6FC1-44D9-B460-E6758EA37BD7}.Debug|Any CPU.Build.0 = Debug|Any CPU
		{19E2D918-6FC1-44D9-B460-E6758EA37BD7}.Release|Any CPU.ActiveCfg = Release|Any CPU
		{19E2D918-6FC1-44D9-B460-E6758EA37BD7}.Release|Any CPU.Build.0 = Release|Any CPU
	EndGlobalSection
	GlobalSection(SolutionProperties) = preSolution
		HideSolutionNode = FALSE
	EndGlobalSection
	GlobalSection(ExtensibilityGlobals) = postSolution
		SolutionGuid = {0EEF7591-6702-4C4A-945C-D29481D39550}
	EndGlobalSection
EndGlobal
